
Microsoft Visual Studio Solution File, Format Version 12.00
# Visual Studio Version 16
VisualStudioVersion = 16.0.32428.217
MinimumVisualStudioVersion = 10.0.40219.1
Project("{FAE04EC0-301F-11D3-BF4B-00C04F79EFBC}") = "NetCoreWeather", "NetCoreWeather\NetCoreWeather.csproj", "{BB2D78BF-9A8C-4AFC-8A42-E503A305882E}"
EndProject
Global
	GlobalSection(SolutionConfigurationPlatforms) = preSolution
		Debug|Any CPU = Debug|Any CPU
		Release|Any CPU = Release|Any CPU
	EndGlobalSection
	GlobalSection(ProjectConfigurationPlatforms) = postSolution
		{BB2D78BF-9A8C-4AFC-8A42-E503A305882E}.Debug|Any CPU.ActiveCfg = Debug|Any CPU
		{BB2D78BF-9A8C-4AFC-8A42-E503A305882E}.Debug|Any CPU.Build.0 = Debug|Any CPU
		{BB2D78BF-9A8C-4AFC-8A42-E503A305882E}.Release|Any CPU.ActiveCfg = Release|Any CPU
		{BB2D78BF-9A8C-4AFC-8A42-E503A305882E}.Release|Any CPU.Build.0 = Release|Any CPU
	EndGlobalSection
	GlobalSection(SolutionProperties) = preSolution
		HideSolutionNode = FALSE
	EndGlobalSection
	GlobalSection(ExtensibilityGlobals) = postSolution
		SolutionGuid = {E2C587AA-F22B-4D0A-B0D2-505F9DB16593}
	EndGlobalSection
EndGlobal
